// !$*UTF8*$!
{
	archiveVersion = 1;
	classes = {
	};
	objectVersion = 48;
	objects = {

/* Begin PBXBuildFile section */
		0BD39AEE850D11CE91C2600A /* Pods_VitelityApiFramework.framework in Frameworks */ = {isa = PBXBuildFile; fileRef = 9730467F47CFE78174839F1A /* Pods_VitelityApiFramework.framework */; };
		CF970BAF2186298D00F84E37 /* VitelityApiFramework.h in Headers */ = {isa = PBXBuildFile; fileRef = CF970BAD2186298D00F84E37 /* VitelityApiFramework.h */; settings = {ATTRIBUTES = (Public, ); }; };
		CF970C0221876A0F00F84E37 /* Client.swift in Sources */ = {isa = PBXBuildFile; fileRef = CF970C0121876A0F00F84E37 /* Client.swift */; };
		CF970C0421876B8600F84E37 /* VitelityAPIClient.swift in Sources */ = {isa = PBXBuildFile; fileRef = CF970C0321876B8600F84E37 /* VitelityAPIClient.swift */; };
		CF970C0821876E1E00F84E37 /* ApiClient.swift in Sources */ = {isa = PBXBuildFile; fileRef = CF970C0721876E1E00F84E37 /* ApiClient.swift */; };
		CF970C0C2187701400F84E37 /* VitelityApiClientConfig.swift in Sources */ = {isa = PBXBuildFile; fileRef = CF970C0B2187701400F84E37 /* VitelityApiClientConfig.swift */; };
		CF970C0E2187707800F84E37 /* TimeProvider.swift in Sources */ = {isa = PBXBuildFile; fileRef = CF970C0D2187707800F84E37 /* TimeProvider.swift */; };
		CF970C10218770A300F84E37 /* VitelityApiAuthentication.swift in Sources */ = {isa = PBXBuildFile; fileRef = CF970C0F218770A300F84E37 /* VitelityApiAuthentication.swift */; };
		CF970C1221877F5E00F84E37 /* DefaultHeadersRequestInterceptor.swift in Sources */ = {isa = PBXBuildFile; fileRef = CF970C1121877F5E00F84E37 /* DefaultHeadersRequestInterceptor.swift */; };
		CFE8C96A218791E700D5B260 /* Dictionary.swift in Sources */ = {isa = PBXBuildFile; fileRef = CFE8C94E218791E200D5B260 /* Dictionary.swift */; };
		CFE8C96B218791E700D5B260 /* LocalDIDsClient.swift in Sources */ = {isa = PBXBuildFile; fileRef = CFE8C94F218791E300D5B260 /* LocalDIDsClient.swift */; };
		CFE8C96C218791E700D5B260 /* DidOrderingClient.swift in Sources */ = {isa = PBXBuildFile; fileRef = CFE8C950218791E300D5B260 /* DidOrderingClient.swift */; };
		CFE8C96D218791E700D5B260 /* DIDsParser.swift in Sources */ = {isa = PBXBuildFile; fileRef = CFE8C951218791E300D5B260 /* DIDsParser.swift */; };
		CFE8C96E218791E700D5B260 /* AccountDidDTO.swift in Sources */ = {isa = PBXBuildFile; fileRef = CFE8C952218791E300D5B260 /* AccountDidDTO.swift */; };
		CFE8C96F218791E700D5B260 /* CountryDTO.swift in Sources */ = {isa = PBXBuildFile; fileRef = CFE8C953218791E300D5B260 /* CountryDTO.swift */; };
		CFE8C970218791E700D5B260 /* DidRateDTO.swift in Sources */ = {isa = PBXBuildFile; fileRef = CFE8C954218791E300D5B260 /* DidRateDTO.swift */; };
		CFE8C971218791E700D5B260 /* GetCnamDids.swift in Sources */ = {isa = PBXBuildFile; fileRef = CFE8C955218791E300D5B260 /* GetCnamDids.swift */; };
		CFE8C972218791E700D5B260 /* Parser.swift in Sources */ = {isa = PBXBuildFile; fileRef = CFE8C956218791E400D5B260 /* Parser.swift */; };
		CFE8C973218791E700D5B260 /* GetContries.swift in Sources */ = {isa = PBXBuildFile; fileRef = CFE8C957218791E400D5B260 /* GetContries.swift */; };
		CFE8C974218791E700D5B260 /* DidDTO.swift in Sources */ = {isa = PBXBuildFile; fileRef = CFE8C958218791E400D5B260 /* DidDTO.swift */; };
		CFE8C975218791E700D5B260 /* GetTollFrees.swift in Sources */ = {isa = PBXBuildFile; fileRef = CFE8C959218791E400D5B260 /* GetTollFrees.swift */; };
		CFE8C976218791E700D5B260 /* VMDidsDTO.swift in Sources */ = {isa = PBXBuildFile; fileRef = CFE8C95A218791E400D5B260 /* VMDidsDTO.swift */; };
		CFE8C977218791E700D5B260 /* GetVMDids.swift in Sources */ = {isa = PBXBuildFile; fileRef = CFE8C95B218791E400D5B260 /* GetVMDids.swift */; };
		CFE8C978218791E700D5B260 /* StatesDTO.swift in Sources */ = {isa = PBXBuildFile; fileRef = CFE8C95C218791E500D5B260 /* StatesDTO.swift */; };
		CFE8C979218791E700D5B260 /* AddPortRespDTO.swift in Sources */ = {isa = PBXBuildFile; fileRef = CFE8C95D218791E500D5B260 /* AddPortRespDTO.swift */; };
		CFE8C97A218791E700D5B260 /* GetRateCenters.swift in Sources */ = {isa = PBXBuildFile; fileRef = CFE8C95E218791E500D5B260 /* GetRateCenters.swift */; };
		CFE8C97B218791E700D5B260 /* GetStates.swift in Sources */ = {isa = PBXBuildFile; fileRef = CFE8C95F218791E500D5B260 /* GetStates.swift */; };
		CFE8C97C218791E700D5B260 /* GetAccountDids.swift in Sources */ = {isa = PBXBuildFile; fileRef = CFE8C960218791E500D5B260 /* GetAccountDids.swift */; };
		CFE8C97D218791E700D5B260 /* GetDidNotes.swift in Sources */ = {isa = PBXBuildFile; fileRef = CFE8C961218791E500D5B260 /* GetDidNotes.swift */; };
		CFE8C97E218791E700D5B260 /* TollFreeDTO.swift in Sources */ = {isa = PBXBuildFile; fileRef = CFE8C962218791E600D5B260 /* TollFreeDTO.swift */; };
		CFE8C97F218791E700D5B260 /* CnamDidDTO.swift in Sources */ = {isa = PBXBuildFile; fileRef = CFE8C963218791E600D5B260 /* CnamDidDTO.swift */; };
		CFE8C980218791E700D5B260 /* ResultType.swift in Sources */ = {isa = PBXBuildFile; fileRef = CFE8C964218791E600D5B260 /* ResultType.swift */; };
		CFE8C981218791E700D5B260 /* RateCenterDTO.swift in Sources */ = {isa = PBXBuildFile; fileRef = CFE8C965218791E600D5B260 /* RateCenterDTO.swift */; };
		CFE8C982218791E700D5B260 /* LnpParser.swift in Sources */ = {isa = PBXBuildFile; fileRef = CFE8C966218791E700D5B260 /* LnpParser.swift */; };
		CFE8C983218791E700D5B260 /* DidNoteDTO.swift in Sources */ = {isa = PBXBuildFile; fileRef = CFE8C967218791E700D5B260 /* DidNoteDTO.swift */; };
		CFE8C984218791E700D5B260 /* LnpClient.swift in Sources */ = {isa = PBXBuildFile; fileRef = CFE8C968218791E700D5B260 /* LnpClient.swift */; };
		CFE8C985218791E700D5B260 /* GetLocalDIDs.swift in Sources */ = {isa = PBXBuildFile; fileRef = CFE8C969218791E700D5B260 /* GetLocalDIDs.swift */; };
/* End PBXBuildFile section */

/* Begin PBXFileReference section */
		5742D03FA4849F365500A7B3 /* Pods-VitelityApiFramework.release.xcconfig */ = {isa = PBXFileReference; includeInIndex = 1; lastKnownFileType = text.xcconfig; name = "Pods-VitelityApiFramework.release.xcconfig"; path = "Pods/Target Support Files/Pods-VitelityApiFramework/Pods-VitelityApiFramework.release.xcconfig"; sourceTree = "<group>"; };
		9730467F47CFE78174839F1A /* Pods_VitelityApiFramework.framework */ = {isa = PBXFileReference; explicitFileType = wrapper.framework; includeInIndex = 0; path = Pods_VitelityApiFramework.framework; sourceTree = BUILT_PRODUCTS_DIR; };
		CF970BAA2186298D00F84E37 /* VitelityApiFramework.framework */ = {isa = PBXFileReference; explicitFileType = wrapper.framework; includeInIndex = 0; path = VitelityApiFramework.framework; sourceTree = BUILT_PRODUCTS_DIR; };
		CF970BAD2186298D00F84E37 /* VitelityApiFramework.h */ = {isa = PBXFileReference; lastKnownFileType = sourcecode.c.h; path = VitelityApiFramework.h; sourceTree = "<group>"; };
		CF970BAE2186298D00F84E37 /* Info.plist */ = {isa = PBXFileReference; lastKnownFileType = text.plist.xml; path = Info.plist; sourceTree = "<group>"; };
		CF970C0121876A0F00F84E37 /* Client.swift */ = {isa = PBXFileReference; lastKnownFileType = sourcecode.swift; path = Client.swift; sourceTree = "<group>"; };
		CF970C0321876B8600F84E37 /* VitelityAPIClient.swift */ = {isa = PBXFileReference; lastKnownFileType = sourcecode.swift; path = VitelityAPIClient.swift; sourceTree = "<group>"; };
		CF970C0721876E1E00F84E37 /* ApiClient.swift */ = {isa = PBXFileReference; lastKnownFileType = sourcecode.swift; path = ApiClient.swift; sourceTree = "<group>"; };
		CF970C0B2187701400F84E37 /* VitelityApiClientConfig.swift */ = {isa = PBXFileReference; lastKnownFileType = sourcecode.swift; path = VitelityApiClientConfig.swift; sourceTree = "<group>"; };
		CF970C0D2187707800F84E37 /* TimeProvider.swift */ = {isa = PBXFileReference; lastKnownFileType = sourcecode.swift; path = TimeProvider.swift; sourceTree = "<group>"; };
		CF970C0F218770A300F84E37 /* VitelityApiAuthentication.swift */ = {isa = PBXFileReference; lastKnownFileType = sourcecode.swift; path = VitelityApiAuthentication.swift; sourceTree = "<group>"; };
		CF970C1121877F5E00F84E37 /* DefaultHeadersRequestInterceptor.swift */ = {isa = PBXFileReference; fileEncoding = 4; lastKnownFileType = sourcecode.swift; path = DefaultHeadersRequestInterceptor.swift; sourceTree = "<group>"; };
		CFE8C94E218791E200D5B260 /* Dictionary.swift */ = {isa = PBXFileReference; fileEncoding = 4; lastKnownFileType = sourcecode.swift; path = Dictionary.swift; sourceTree = "<group>"; };
		CFE8C94F218791E300D5B260 /* LocalDIDsClient.swift */ = {isa = PBXFileReference; fileEncoding = 4; lastKnownFileType = sourcecode.swift; path = LocalDIDsClient.swift; sourceTree = "<group>"; };
		CFE8C950218791E300D5B260 /* DidOrderingClient.swift */ = {isa = PBXFileReference; fileEncoding = 4; lastKnownFileType = sourcecode.swift; path = DidOrderingClient.swift; sourceTree = "<group>"; };
		CFE8C951218791E300D5B260 /* DIDsParser.swift */ = {isa = PBXFileReference; fileEncoding = 4; lastKnownFileType = sourcecode.swift; path = DIDsParser.swift; sourceTree = "<group>"; };
		CFE8C952218791E300D5B260 /* AccountDidDTO.swift */ = {isa = PBXFileReference; fileEncoding = 4; lastKnownFileType = sourcecode.swift; path = AccountDidDTO.swift; sourceTree = "<group>"; };
		CFE8C953218791E300D5B260 /* CountryDTO.swift */ = {isa = PBXFileReference; fileEncoding = 4; lastKnownFileType = sourcecode.swift; path = CountryDTO.swift; sourceTree = "<group>"; };
		CFE8C954218791E300D5B260 /* DidRateDTO.swift */ = {isa = PBXFileReference; fileEncoding = 4; lastKnownFileType = sourcecode.swift; path = DidRateDTO.swift; sourceTree = "<group>"; };
		CFE8C955218791E300D5B260 /* GetCnamDids.swift */ = {isa = PBXFileReference; fileEncoding = 4; lastKnownFileType = sourcecode.swift; path = GetCnamDids.swift; sourceTree = "<group>"; };
		CFE8C956218791E400D5B260 /* Parser.swift */ = {isa = PBXFileReference; fileEncoding = 4; lastKnownFileType = sourcecode.swift; path = Parser.swift; sourceTree = "<group>"; };
		CFE8C957218791E400D5B260 /* GetContries.swift */ = {isa = PBXFileReference; fileEncoding = 4; lastKnownFileType = sourcecode.swift; path = GetContries.swift; sourceTree = "<group>"; };
		CFE8C958218791E400D5B260 /* DidDTO.swift */ = {isa = PBXFileReference; fileEncoding = 4; lastKnownFileType = sourcecode.swift; path = DidDTO.swift; sourceTree = "<group>"; };
		CFE8C959218791E400D5B260 /* GetTollFrees.swift */ = {isa = PBXFileReference; fileEncoding = 4; lastKnownFileType = sourcecode.swift; path = GetTollFrees.swift; sourceTree = "<group>"; };
		CFE8C95A218791E400D5B260 /* VMDidsDTO.swift */ = {isa = PBXFileReference; fileEncoding = 4; lastKnownFileType = sourcecode.swift; path = VMDidsDTO.swift; sourceTree = "<group>"; };
		CFE8C95B218791E400D5B260 /* GetVMDids.swift */ = {isa = PBXFileReference; fileEncoding = 4; lastKnownFileType = sourcecode.swift; path = GetVMDids.swift; sourceTree = "<group>"; };
		CFE8C95C218791E500D5B260 /* StatesDTO.swift */ = {isa = PBXFileReference; fileEncoding = 4; lastKnownFileType = sourcecode.swift; path = StatesDTO.swift; sourceTree = "<group>"; };
		CFE8C95D218791E500D5B260 /* AddPortRespDTO.swift */ = {isa = PBXFileReference; fileEncoding = 4; lastKnownFileType = sourcecode.swift; path = AddPortRespDTO.swift; sourceTree = "<group>"; };
		CFE8C95E218791E500D5B260 /* GetRateCenters.swift */ = {isa = PBXFileReference; fileEncoding = 4; lastKnownFileType = sourcecode.swift; path = GetRateCenters.swift; sourceTree = "<group>"; };
		CFE8C95F218791E500D5B260 /* GetStates.swift */ = {isa = PBXFileReference; fileEncoding = 4; lastKnownFileType = sourcecode.swift; path = GetStates.swift; sourceTree = "<group>"; };
		CFE8C960218791E500D5B260 /* GetAccountDids.swift */ = {isa = PBXFileReference; fileEncoding = 4; lastKnownFileType = sourcecode.swift; path = GetAccountDids.swift; sourceTree = "<group>"; };
		CFE8C961218791E500D5B260 /* GetDidNotes.swift */ = {isa = PBXFileReference; fileEncoding = 4; lastKnownFileType = sourcecode.swift; path = GetDidNotes.swift; sourceTree = "<group>"; };
		CFE8C962218791E600D5B260 /* TollFreeDTO.swift */ = {isa = PBXFileReference; fileEncoding = 4; lastKnownFileType = sourcecode.swift; path = TollFreeDTO.swift; sourceTree = "<group>"; };
		CFE8C963218791E600D5B260 /* CnamDidDTO.swift */ = {isa = PBXFileReference; fileEncoding = 4; lastKnownFileType = sourcecode.swift; path = CnamDidDTO.swift; sourceTree = "<group>"; };
		CFE8C964218791E600D5B260 /* ResultType.swift */ = {isa = PBXFileReference; fileEncoding = 4; lastKnownFileType = sourcecode.swift; path = ResultType.swift; sourceTree = "<group>"; };
		CFE8C965218791E600D5B260 /* RateCenterDTO.swift */ = {isa = PBXFileReference; fileEncoding = 4; lastKnownFileType = sourcecode.swift; path = RateCenterDTO.swift; sourceTree = "<group>"; };
		CFE8C966218791E700D5B260 /* LnpParser.swift */ = {isa = PBXFileReference; fileEncoding = 4; lastKnownFileType = sourcecode.swift; path = LnpParser.swift; sourceTree = "<group>"; };
		CFE8C967218791E700D5B260 /* DidNoteDTO.swift */ = {isa = PBXFileReference; fileEncoding = 4; lastKnownFileType = sourcecode.swift; path = DidNoteDTO.swift; sourceTree = "<group>"; };
		CFE8C968218791E700D5B260 /* LnpClient.swift */ = {isa = PBXFileReference; fileEncoding = 4; lastKnownFileType = sourcecode.swift; path = LnpClient.swift; sourceTree = "<group>"; };
		CFE8C969218791E700D5B260 /* GetLocalDIDs.swift */ = {isa = PBXFileReference; fileEncoding = 4; lastKnownFileType = sourcecode.swift; path = GetLocalDIDs.swift; sourceTree = "<group>"; };
		DAE996EA21C50B849DC1CD62 /* Pods-VitelityApiFramework.debug.xcconfig */ = {isa = PBXFileReference; includeInIndex = 1; lastKnownFileType = text.xcconfig; name = "Pods-VitelityApiFramework.debug.xcconfig"; path = "Pods/Target Support Files/Pods-VitelityApiFramework/Pods-VitelityApiFramework.debug.xcconfig"; sourceTree = "<group>"; };
/* End PBXFileReference section */

/* Begin PBXFrameworksBuildPhase section */
		CF970BA62186298D00F84E37 /* Frameworks */ = {
			isa = PBXFrameworksBuildPhase;
			buildActionMask = 2147483647;
			files = (
				0BD39AEE850D11CE91C2600A /* Pods_VitelityApiFramework.framework in Frameworks */,
			);
			runOnlyForDeploymentPostprocessing = 0;
		};
/* End PBXFrameworksBuildPhase section */

/* Begin PBXGroup section */
		B8A91CAC68A0154257DFF0A8 /* Pods */ = {
			isa = PBXGroup;
			children = (
				DAE996EA21C50B849DC1CD62 /* Pods-VitelityApiFramework.debug.xcconfig */,
				5742D03FA4849F365500A7B3 /* Pods-VitelityApiFramework.release.xcconfig */,
			);
			name = Pods;
			sourceTree = "<group>";
		};
		CF970BA02186298D00F84E37 = {
			isa = PBXGroup;
			children = (
				CF970BAC2186298D00F84E37 /* VitelityApiFramework */,
				CF970BAB2186298D00F84E37 /* Products */,
				B8A91CAC68A0154257DFF0A8 /* Pods */,
				D70B7836164DC90FFF62D826 /* Frameworks */,
			);
			sourceTree = "<group>";
		};
		CF970BAB2186298D00F84E37 /* Products */ = {
			isa = PBXGroup;
			children = (
				CF970BAA2186298D00F84E37 /* VitelityApiFramework.framework */,
			);
			name = Products;
			sourceTree = "<group>";
		};
		CF970BAC2186298D00F84E37 /* VitelityApiFramework */ = {
			isa = PBXGroup;
			children = (
				CF970BAD2186298D00F84E37 /* VitelityApiFramework.h */,
				CF970BAE2186298D00F84E37 /* Info.plist */,
				CF970C0121876A0F00F84E37 /* Client.swift */,
				CF970C1121877F5E00F84E37 /* DefaultHeadersRequestInterceptor.swift */,
				CF970C0321876B8600F84E37 /* VitelityAPIClient.swift */,
				CF970C0721876E1E00F84E37 /* ApiClient.swift */,
				CF970C0B2187701400F84E37 /* VitelityApiClientConfig.swift */,
				CF970C0D2187707800F84E37 /* TimeProvider.swift */,
				CF970C0F218770A300F84E37 /* VitelityApiAuthentication.swift */,
				CFE8C94E218791E200D5B260 /* Dictionary.swift */,
				CFE8C964218791E600D5B260 /* ResultType.swift */,
				CFE8C956218791E400D5B260 /* Parser.swift */,
				CFE8C94F218791E300D5B260 /* LocalDIDsClient.swift */,
				CFE8C950218791E300D5B260 /* DidOrderingClient.swift */,
				CFE8C968218791E700D5B260 /* LnpClient.swift */,
				CFE8C951218791E300D5B260 /* DIDsParser.swift */,
				CFE8C966218791E700D5B260 /* LnpParser.swift */,
				CFE8C962218791E600D5B260 /* TollFreeDTO.swift */,
				CFE8C95C218791E500D5B260 /* StatesDTO.swift */,
				CFE8C965218791E600D5B260 /* RateCenterDTO.swift */,
				CFE8C958218791E400D5B260 /* DidDTO.swift */,
				CFE8C952218791E300D5B260 /* AccountDidDTO.swift */,
				CFE8C953218791E300D5B260 /* CountryDTO.swift */,
				CFE8C954218791E300D5B260 /* DidRateDTO.swift */,
				CFE8C963218791E600D5B260 /* CnamDidDTO.swift */,
				CFE8C95A218791E400D5B260 /* VMDidsDTO.swift */,
				CFE8C967218791E700D5B260 /* DidNoteDTO.swift */,
				CFE8C95D218791E500D5B260 /* AddPortRespDTO.swift */,
				CFE8C95F218791E500D5B260 /* GetStates.swift */,
				CFE8C969218791E700D5B260 /* GetLocalDIDs.swift */,
				CFE8C95E218791E500D5B260 /* GetRateCenters.swift */,
				CFE8C959218791E400D5B260 /* GetTollFrees.swift */,
				CFE8C960218791E500D5B260 /* GetAccountDids.swift */,
				CFE8C957218791E400D5B260 /* GetContries.swift */,
				CFE8C955218791E300D5B260 /* GetCnamDids.swift */,
				CFE8C95B218791E400D5B260 /* GetVMDids.swift */,
				CFE8C961218791E500D5B260 /* GetDidNotes.swift */,
			);
			path = VitelityApiFramework;
			sourceTree = "<group>";
		};
		D70B7836164DC90FFF62D826 /* Frameworks */ = {
			isa = PBXGroup;
			children = (
				9730467F47CFE78174839F1A /* Pods_VitelityApiFramework.framework */,
			);
			name = Frameworks;
			sourceTree = "<group>";
		};
/* End PBXGroup section */

/* Begin PBXHeadersBuildPhase section */
		CF970BA72186298D00F84E37 /* Headers */ = {
			isa = PBXHeadersBuildPhase;
			buildActionMask = 2147483647;
			files = (
				CF970BAF2186298D00F84E37 /* VitelityApiFramework.h in Headers */,
			);
			runOnlyForDeploymentPostprocessing = 0;
		};
/* End PBXHeadersBuildPhase section */

/* Begin PBXNativeTarget section */
		CF970BA92186298D00F84E37 /* VitelityApiFramework */ = {
			isa = PBXNativeTarget;
			buildConfigurationList = CF970BB22186298D00F84E37 /* Build configuration list for PBXNativeTarget "VitelityApiFramework" */;
			buildPhases = (
				46727EE07A03E9A8121DDD2D /* [CP] Check Pods Manifest.lock */,
				CF970BA52186298D00F84E37 /* Sources */,
				CF970BA62186298D00F84E37 /* Frameworks */,
				CF970BA72186298D00F84E37 /* Headers */,
				CF970BA82186298D00F84E37 /* Resources */,
			);
			buildRules = (
			);
			dependencies = (
			);
			name = VitelityApiFramework;
			productName = VitelityApiFramework;
			productReference = CF970BAA2186298D00F84E37 /* VitelityApiFramework.framework */;
			productType = "com.apple.product-type.framework";
		};
/* End PBXNativeTarget section */

/* Begin PBXProject section */
		CF970BA12186298D00F84E37 /* Project object */ = {
			isa = PBXProject;
			attributes = {
				LastUpgradeCheck = 0920;
				ORGANIZATIONNAME = sigmatric;
				TargetAttributes = {
					CF970BA92186298D00F84E37 = {
						CreatedOnToolsVersion = 9.2;
						LastSwiftMigration = 0920;
						ProvisioningStyle = Automatic;
					};
				};
			};
			buildConfigurationList = CF970BA42186298D00F84E37 /* Build configuration list for PBXProject "VitelityApiFramework" */;
			compatibilityVersion = "Xcode 8.0";
			developmentRegion = en;
			hasScannedForEncodings = 0;
			knownRegions = (
				en,
			);
			mainGroup = CF970BA02186298D00F84E37;
			productRefGroup = CF970BAB2186298D00F84E37 /* Products */;
			projectDirPath = "";
			projectRoot = "";
			targets = (
				CF970BA92186298D00F84E37 /* VitelityApiFramework */,
			);
		};
/* End PBXProject section */

/* Begin PBXResourcesBuildPhase section */
		CF970BA82186298D00F84E37 /* Resources */ = {
			isa = PBXResourcesBuildPhase;
			buildActionMask = 2147483647;
			files = (
			);
			runOnlyForDeploymentPostprocessing = 0;
		};
/* End PBXResourcesBuildPhase section */

/* Begin PBXShellScriptBuildPhase section */
		46727EE07A03E9A8121DDD2D /* [CP] Check Pods Manifest.lock */ = {
			isa = PBXShellScriptBuildPhase;
			buildActionMask = 2147483647;
			files = (
			);
			inputPaths = (
				"${PODS_PODFILE_DIR_PATH}/Podfile.lock",
				"${PODS_ROOT}/Manifest.lock",
			);
			name = "[CP] Check Pods Manifest.lock";
			outputPaths = (
				"$(DERIVED_FILE_DIR)/Pods-VitelityApiFramework-checkManifestLockResult.txt",
			);
			runOnlyForDeploymentPostprocessing = 0;
			shellPath = /bin/sh;
			shellScript = "diff \"${PODS_PODFILE_DIR_PATH}/Podfile.lock\" \"${PODS_ROOT}/Manifest.lock\" > /dev/null\nif [ $? != 0 ] ; then\n    # print error to STDERR\n    echo \"error: The sandbox is not in sync with the Podfile.lock. Run 'pod install' or update your CocoaPods installation.\" >&2\n    exit 1\nfi\n# This output is used by Xcode 'outputs' to avoid re-running this script phase.\necho \"SUCCESS\" > \"${SCRIPT_OUTPUT_FILE_0}\"\n";
			showEnvVarsInLog = 0;
		};
/* End PBXShellScriptBuildPhase section */

/* Begin PBXSourcesBuildPhase section */
		CF970BA52186298D00F84E37 /* Sources */ = {
			isa = PBXSourcesBuildPhase;
			buildActionMask = 2147483647;
			files = (
				CFE8C96D218791E700D5B260 /* DIDsParser.swift in Sources */,
				CFE8C982218791E700D5B260 /* LnpParser.swift in Sources */,
				CFE8C983218791E700D5B260 /* DidNoteDTO.swift in Sources */,
				CFE8C975218791E700D5B260 /* GetTollFrees.swift in Sources */,
				CF970C0221876A0F00F84E37 /* Client.swift in Sources */,
				CFE8C96A218791E700D5B260 /* Dictionary.swift in Sources */,
				CFE8C976218791E700D5B260 /* VMDidsDTO.swift in Sources */,
				CFE8C96E218791E700D5B260 /* AccountDidDTO.swift in Sources */,
				CFE8C972218791E700D5B260 /* Parser.swift in Sources */,
				CFE8C979218791E700D5B260 /* AddPortRespDTO.swift in Sources */,
				CFE8C971218791E700D5B260 /* GetCnamDids.swift in Sources */,
				CFE8C96C218791E700D5B260 /* DidOrderingClient.swift in Sources */,
				CFE8C980218791E700D5B260 /* ResultType.swift in Sources */,
				CFE8C97C218791E700D5B260 /* GetAccountDids.swift in Sources */,
				CFE8C97D218791E700D5B260 /* GetDidNotes.swift in Sources */,
				CFE8C978218791E700D5B260 /* StatesDTO.swift in Sources */,
				CFE8C981218791E700D5B260 /* RateCenterDTO.swift in Sources */,
				CF970C0E2187707800F84E37 /* TimeProvider.swift in Sources */,
				CFE8C985218791E700D5B260 /* GetLocalDIDs.swift in Sources */,
				CF970C10218770A300F84E37 /* VitelityApiAuthentication.swift in Sources */,
				CF970C0C2187701400F84E37 /* VitelityApiClientConfig.swift in Sources */,
				CFE8C97B218791E700D5B260 /* GetStates.swift in Sources */,
				CFE8C977218791E700D5B260 /* GetVMDids.swift in Sources */,
				CFE8C973218791E700D5B260 /* GetContries.swift in Sources */,
				CFE8C974218791E700D5B260 /* DidDTO.swift in Sources */,
				CFE8C97F218791E700D5B260 /* CnamDidDTO.swift in Sources */,
				CFE8C97E218791E700D5B260 /* TollFreeDTO.swift in Sources */,
				CF970C1221877F5E00F84E37 /* DefaultHeadersRequestInterceptor.swift in Sources */,
				CFE8C984218791E700D5B260 /* LnpClient.swift in Sources */,
				CFE8C96B218791E700D5B260 /* LocalDIDsClient.swift in Sources */,
				CFE8C96F218791E700D5B260 /* CountryDTO.swift in Sources */,
				CFE8C970218791E700D5B260 /* DidRateDTO.swift in Sources */,
				CF970C0421876B8600F84E37 /* VitelityAPIClient.swift in Sources */,
				CF970C0821876E1E00F84E37 /* ApiClient.swift in Sources */,
				CFE8C97A218791E700D5B260 /* GetRateCenters.swift in Sources */,
			);
			runOnlyForDeploymentPostprocessing = 0;
		};
/* End PBXSourcesBuildPhase section */

/* Begin XCBuildConfiguration section */
		CF970BB02186298D00F84E37 /* Debug */ = {
			isa = XCBuildConfiguration;
			buildSettings = {
				ALWAYS_SEARCH_USER_PATHS = NO;
				CLANG_ANALYZER_NONNULL = YES;
				CLANG_ANALYZER_NUMBER_OBJECT_CONVERSION = YES_AGGRESSIVE;
				CLANG_CXX_LANGUAGE_STANDARD = "gnu++14";
				CLANG_CXX_LIBRARY = "libc++";
				CLANG_ENABLE_MODULES = YES;
				CLANG_ENABLE_OBJC_ARC = YES;
				CLANG_WARN_BLOCK_CAPTURE_AUTORELEASING = YES;
				CLANG_WARN_BOOL_CONVERSION = YES;
				CLANG_WARN_COMMA = YES;
				CLANG_WARN_CONSTANT_CONVERSION = YES;
				CLANG_WARN_DIRECT_OBJC_ISA_USAGE = YES_ERROR;
				CLANG_WARN_DOCUMENTATION_COMMENTS = YES;
				CLANG_WARN_EMPTY_BODY = YES;
				CLANG_WARN_ENUM_CONVERSION = YES;
				CLANG_WARN_INFINITE_RECURSION = YES;
				CLANG_WARN_INT_CONVERSION = YES;
				CLANG_WARN_NON_LITERAL_NULL_CONVERSION = YES;
				CLANG_WARN_OBJC_LITERAL_CONVERSION = YES;
				CLANG_WARN_OBJC_ROOT_CLASS = YES_ERROR;
				CLANG_WARN_RANGE_LOOP_ANALYSIS = YES;
				CLANG_WARN_STRICT_PROTOTYPES = YES;
				CLANG_WARN_SUSPICIOUS_MOVE = YES;
				CLANG_WARN_UNGUARDED_AVAILABILITY = YES_AGGRESSIVE;
				CLANG_WARN_UNREACHABLE_CODE = YES;
				CLANG_WARN__DUPLICATE_METHOD_MATCH = YES;
				CODE_SIGN_IDENTITY = "iPhone Developer";
				COPY_PHASE_STRIP = NO;
				CURRENT_PROJECT_VERSION = 1;
				DEBUG_INFORMATION_FORMAT = dwarf;
				ENABLE_STRICT_OBJC_MSGSEND = YES;
				ENABLE_TESTABILITY = YES;
				GCC_C_LANGUAGE_STANDARD = gnu11;
				GCC_DYNAMIC_NO_PIC = NO;
				GCC_NO_COMMON_BLOCKS = YES;
				GCC_OPTIMIZATION_LEVEL = 0;
				GCC_PREPROCESSOR_DEFINITIONS = (
					"DEBUG=1",
					"$(inherited)",
				);
				GCC_WARN_64_TO_32_BIT_CONVERSION = YES;
				GCC_WARN_ABOUT_RETURN_TYPE = YES_ERROR;
				GCC_WARN_UNDECLARED_SELECTOR = YES;
				GCC_WARN_UNINITIALIZED_AUTOS = YES_AGGRESSIVE;
				GCC_WARN_UNUSED_FUNCTION = YES;
				GCC_WARN_UNUSED_VARIABLE = YES;
				IPHONEOS_DEPLOYMENT_TARGET = 11.2;
				MTL_ENABLE_DEBUG_INFO = YES;
				ONLY_ACTIVE_ARCH = YES;
				SDKROOT = iphoneos;
				SWIFT_ACTIVE_COMPILATION_CONDITIONS = DEBUG;
				SWIFT_OPTIMIZATION_LEVEL = "-Onone";
				VERSIONING_SYSTEM = "apple-generic";
				VERSION_INFO_PREFIX = "";
			};
			name = Debug;
		};
		CF970BB12186298D00F84E37 /* Release */ = {
			isa = XCBuildConfiguration;
			buildSettings = {
				ALWAYS_SEARCH_USER_PATHS = NO;
				CLANG_ANALYZER_NONNULL = YES;
				CLANG_ANALYZER_NUMBER_OBJECT_CONVERSION = YES_AGGRESSIVE;
				CLANG_CXX_LANGUAGE_STANDARD = "gnu++14";
				CLANG_CXX_LIBRARY = "libc++";
				CLANG_ENABLE_MODULES = YES;
				CLANG_ENABLE_OBJC_ARC = YES;
				CLANG_WARN_BLOCK_CAPTURE_AUTORELEASING = YES;
				CLANG_WARN_BOOL_CONVERSION = YES;
				CLANG_WARN_COMMA = YES;
				CLANG_WARN_CONSTANT_CONVERSION = YES;
				CLANG_WARN_DIRECT_OBJC_ISA_USAGE = YES_ERROR;
				CLANG_WARN_DOCUMENTATION_COMMENTS = YES;
				CLANG_WARN_EMPTY_BODY = YES;
				CLANG_WARN_ENUM_CONVERSION = YES;
				CLANG_WARN_INFINITE_RECURSION = YES;
				CLANG_WARN_INT_CONVERSION = YES;
				CLANG_WARN_NON_LITERAL_NULL_CONVERSION = YES;
				CLANG_WARN_OBJC_LITERAL_CONVERSION = YES;
				CLANG_WARN_OBJC_ROOT_CLASS = YES_ERROR;
				CLANG_WARN_RANGE_LOOP_ANALYSIS = YES;
				CLANG_WARN_STRICT_PROTOTYPES = YES;
				CLANG_WARN_SUSPICIOUS_MOVE = YES;
				CLANG_WARN_UNGUARDED_AVAILABILITY = YES_AGGRESSIVE;
				CLANG_WARN_UNREACHABLE_CODE = YES;
				CLANG_WARN__DUPLICATE_METHOD_MATCH = YES;
				CODE_SIGN_IDENTITY = "iPhone Developer";
				COPY_PHASE_STRIP = NO;
				CURRENT_PROJECT_VERSION = 1;
				DEBUG_INFORMATION_FORMAT = "dwarf-with-dsym";
				ENABLE_NS_ASSERTIONS = NO;
				ENABLE_STRICT_OBJC_MSGSEND = YES;
				GCC_C_LANGUAGE_STANDARD = gnu11;
				GCC_NO_COMMON_BLOCKS = YES;
				GCC_WARN_64_TO_32_BIT_CONVERSION = YES;
				GCC_WARN_ABOUT_RETURN_TYPE = YES_ERROR;
				GCC_WARN_UNDECLARED_SELECTOR = YES;
				GCC_WARN_UNINITIALIZED_AUTOS = YES_AGGRESSIVE;
				GCC_WARN_UNUSED_FUNCTION = YES;
				GCC_WARN_UNUSED_VARIABLE = YES;
				IPHONEOS_DEPLOYMENT_TARGET = 11.2;
				MTL_ENABLE_DEBUG_INFO = NO;
				SDKROOT = iphoneos;
				SWIFT_OPTIMIZATION_LEVEL = "-Owholemodule";
				VALIDATE_PRODUCT = YES;
				VERSIONING_SYSTEM = "apple-generic";
				VERSION_INFO_PREFIX = "";
			};
			name = Release;
		};
		CF970BB32186298D00F84E37 /* Debug */ = {
			isa = XCBuildConfiguration;
			baseConfigurationReference = DAE996EA21C50B849DC1CD62 /* Pods-VitelityApiFramework.debug.xcconfig */;
			buildSettings = {
				CLANG_ENABLE_MODULES = YES;
				CODE_SIGN_IDENTITY = "";
				CODE_SIGN_STYLE = Automatic;
				DEFINES_MODULE = YES;
				DEVELOPMENT_TEAM = ZT84VT365T;
				DYLIB_COMPATIBILITY_VERSION = 1;
				DYLIB_CURRENT_VERSION = 1;
				DYLIB_INSTALL_NAME_BASE = "@rpath";
				INFOPLIST_FILE = VitelityApiFramework/Info.plist;
				INSTALL_PATH = "$(LOCAL_LIBRARY_DIR)/Frameworks";
				LD_RUNPATH_SEARCH_PATHS = "$(inherited) @executable_path/Frameworks @loader_path/Frameworks";
				PRODUCT_BUNDLE_IDENTIFIER = com.sigmatric.VitelityApiFramework;
				PRODUCT_NAME = "$(TARGET_NAME:c99extidentifier)";
				SKIP_INSTALL = YES;
				SWIFT_OPTIMIZATION_LEVEL = "-Onone";
				SWIFT_VERSION = 4.0;
				TARGETED_DEVICE_FAMILY = "1,2";
			};
			name = Debug;
		};
		CF970BB42186298D00F84E37 /* Release */ = {
			isa = XCBuildConfiguration;
			baseConfigurationReference = 5742D03FA4849F365500A7B3 /* Pods-VitelityApiFramework.release.xcconfig */;
			buildSettings = {
				CLANG_ENABLE_MODULES = YES;
				CODE_SIGN_IDENTITY = "";
				CODE_SIGN_STYLE = Automatic;
				DEFINES_MODULE = YES;
				DEVELOPMENT_TEAM = ZT84VT365T;
				DYLIB_COMPATIBILITY_VERSION = 1;
				DYLIB_CURRENT_VERSION = 1;
				DYLIB_INSTALL_NAME_BASE = "@rpath";
				INFOPLIST_FILE = VitelityApiFramework/Info.plist;
				INSTALL_PATH = "$(LOCAL_LIBRARY_DIR)/Frameworks";
				LD_RUNPATH_SEARCH_PATHS = "$(inherited) @executable_path/Frameworks @loader_path/Frameworks";
				PRODUCT_BUNDLE_IDENTIFIER = com.sigmatric.VitelityApiFramework;
				PRODUCT_NAME = "$(TARGET_NAME:c99extidentifier)";
				SKIP_INSTALL = YES;
				SWIFT_VERSION = 4.0;
				TARGETED_DEVICE_FAMILY = "1,2";
			};
			name = Release;
		};
/* End XCBuildConfiguration section */

/* Begin XCConfigurationList section */
		CF970BA42186298D00F84E37 /* Build configuration list for PBXProject "VitelityApiFramework" */ = {
			isa = XCConfigurationList;
			buildConfigurations = (
				CF970BB02186298D00F84E37 /* Debug */,
				CF970BB12186298D00F84E37 /* Release */,
			);
			defaultConfigurationIsVisible = 0;
			defaultConfigurationName = Release;
		};
		CF970BB22186298D00F84E37 /* Build configuration list for PBXNativeTarget "VitelityApiFramework" */ = {
			isa = XCConfigurationList;
			buildConfigurations = (
				CF970BB32186298D00F84E37 /* Debug */,
				CF970BB42186298D00F84E37 /* Release */,
			);
			defaultConfigurationIsVisible = 0;
			defaultConfigurationName = Release;
		};
/* End XCConfigurationList section */
	};
	rootObject = CF970BA12186298D00F84E37 /* Project object */;
}
